// !$*UTF8*$!
{
	archiveVersion = 1;
	classes = {
	};
	objectVersion = 46;
	objects = {

/* Begin PBXBuildFile section */
		BD43AAD81E4E3E590000C39D /* SplitDecisionTests.swift in Sources */ = {isa = PBXBuildFile; fileRef = BD43AAD71E4E3E590000C39D /* SplitDecisionTests.swift */; };
		BD5A13491E43B28D00665E7F /* low_beep.wav in Resources */ = {isa = PBXBuildFile; fileRef = BD5A13471E43B28D00665E7F /* low_beep.wav */; };
		BD5A134A1E43B28D00665E7F /* high_beep.wav in Resources */ = {isa = PBXBuildFile; fileRef = BD5A13481E43B28D00665E7F /* high_beep.wav */; };
		BDE44C361E3BD82100222936 /* AppDelegate.swift in Sources */ = {isa = PBXBuildFile; fileRef = BDE44C351E3BD82100222936 /* AppDelegate.swift */; };
		BDE44C381E3BD82100222936 /* AddItemController.swift in Sources */ = {isa = PBXBuildFile; fileRef = BDE44C371E3BD82100222936 /* AddItemController.swift */; };
		BDE44C3B1E3BD82100222936 /* Main.storyboard in Resources */ = {isa = PBXBuildFile; fileRef = BDE44C391E3BD82100222936 /* Main.storyboard */; };
		BDE44C3D1E3BD82100222936 /* Assets.xcassets in Resources */ = {isa = PBXBuildFile; fileRef = BDE44C3C1E3BD82100222936 /* Assets.xcassets */; };
		BDE44C401E3BD82100222936 /* LaunchScreen.storyboard in Resources */ = {isa = PBXBuildFile; fileRef = BDE44C3E1E3BD82100222936 /* LaunchScreen.storyboard */; };
		BDE44C481E3BD86800222936 /* Item.swift in Sources */ = {isa = PBXBuildFile; fileRef = BDE44C471E3BD86800222936 /* Item.swift */; };
		BDE44C4A1E3C5B5500222936 /* AddItemView.swift in Sources */ = {isa = PBXBuildFile; fileRef = BDE44C491E3C5B5500222936 /* AddItemView.swift */; };
		BDE44C4C1E3C5F6900222936 /* ItemTableCell.swift in Sources */ = {isa = PBXBuildFile; fileRef = BDE44C4B1E3C5F6900222936 /* ItemTableCell.swift */; };
		BDE44C501E3D262700222936 /* BattleController.swift in Sources */ = {isa = PBXBuildFile; fileRef = BDE44C4F1E3D262700222936 /* BattleController.swift */; };
		BDE44C521E3D52D400222936 /* BattleBoard.swift in Sources */ = {isa = PBXBuildFile; fileRef = BDE44C511E3D52D400222936 /* BattleBoard.swift */; };
		BDE44C541E3D559500222936 /* TimeKeeper.swift in Sources */ = {isa = PBXBuildFile; fileRef = BDE44C531E3D559500222936 /* TimeKeeper.swift */; };
		BDE44C561E3D726200222936 /* ResultsController.swift in Sources */ = {isa = PBXBuildFile; fileRef = BDE44C551E3D726200222936 /* ResultsController.swift */; };
		BDE44C581E3D765700222936 /* ResultCell.swift in Sources */ = {isa = PBXBuildFile; fileRef = BDE44C571E3D765700222936 /* ResultCell.swift */; };
/* End PBXBuildFile section */

/* Begin PBXContainerItemProxy section */
		BD43AADA1E4E3E590000C39D /* PBXContainerItemProxy */ = {
			isa = PBXContainerItemProxy;
			containerPortal = BDE44C2A1E3BD82100222936 /* Project object */;
			proxyType = 1;
			remoteGlobalIDString = BDE44C311E3BD82100222936;
			remoteInfo = SplitDecision;
		};
/* End PBXContainerItemProxy section */

/* Begin PBXFileReference section */
		BD43AAD51E4E3E590000C39D /* SplitDecisionTests.xctest */ = {isa = PBXFileReference; explicitFileType = wrapper.cfbundle; includeInIndex = 0; path = SplitDecisionTests.xctest; sourceTree = BUILT_PRODUCTS_DIR; };
		BD43AAD71E4E3E590000C39D /* SplitDecisionTests.swift */ = {isa = PBXFileReference; lastKnownFileType = sourcecode.swift; path = SplitDecisionTests.swift; sourceTree = "<group>"; };
		BD43AAD91E4E3E590000C39D /* Info.plist */ = {isa = PBXFileReference; lastKnownFileType = text.plist.xml; path = Info.plist; sourceTree = "<group>"; };
		BD5A13471E43B28D00665E7F /* low_beep.wav */ = {isa = PBXFileReference; lastKnownFileType = audio.wav; path = low_beep.wav; sourceTree = "<group>"; };
		BD5A13481E43B28D00665E7F /* high_beep.wav */ = {isa = PBXFileReference; lastKnownFileType = audio.wav; path = high_beep.wav; sourceTree = "<group>"; };
		BDE44C321E3BD82100222936 /* SplitDecision.app */ = {isa = PBXFileReference; explicitFileType = wrapper.application; includeInIndex = 0; path = SplitDecision.app; sourceTree = BUILT_PRODUCTS_DIR; };
		BDE44C351E3BD82100222936 /* AppDelegate.swift */ = {isa = PBXFileReference; lastKnownFileType = sourcecode.swift; path = AppDelegate.swift; sourceTree = "<group>"; };
		BDE44C371E3BD82100222936 /* AddItemController.swift */ = {isa = PBXFileReference; lastKnownFileType = sourcecode.swift; path = AddItemController.swift; sourceTree = "<group>"; };
		BDE44C3A1E3BD82100222936 /* Base */ = {isa = PBXFileReference; lastKnownFileType = file.storyboard; name = Base; path = Base.lproj/Main.storyboard; sourceTree = "<group>"; };
		BDE44C3C1E3BD82100222936 /* Assets.xcassets */ = {isa = PBXFileReference; lastKnownFileType = folder.assetcatalog; path = Assets.xcassets; sourceTree = "<group>"; };
		BDE44C3F1E3BD82100222936 /* Base */ = {isa = PBXFileReference; lastKnownFileType = file.storyboard; name = Base; path = Base.lproj/LaunchScreen.storyboard; sourceTree = "<group>"; };
		BDE44C411E3BD82100222936 /* Info.plist */ = {isa = PBXFileReference; lastKnownFileType = text.plist.xml; path = Info.plist; sourceTree = "<group>"; };
		BDE44C471E3BD86800222936 /* Item.swift */ = {isa = PBXFileReference; fileEncoding = 4; lastKnownFileType = sourcecode.swift; path = Item.swift; sourceTree = "<group>"; };
		BDE44C491E3C5B5500222936 /* AddItemView.swift */ = {isa = PBXFileReference; fileEncoding = 4; lastKnownFileType = sourcecode.swift; path = AddItemView.swift; sourceTree = "<group>"; };
		BDE44C4B1E3C5F6900222936 /* ItemTableCell.swift */ = {isa = PBXFileReference; fileEncoding = 4; lastKnownFileType = sourcecode.swift; path = ItemTableCell.swift; sourceTree = "<group>"; };
		BDE44C4F1E3D262700222936 /* BattleController.swift */ = {isa = PBXFileReference; fileEncoding = 4; lastKnownFileType = sourcecode.swift; name = BattleController.swift; path = ../BattleController.swift; sourceTree = "<group>"; };
		BDE44C511E3D52D400222936 /* BattleBoard.swift */ = {isa = PBXFileReference; fileEncoding = 4; lastKnownFileType = sourcecode.swift; path = BattleBoard.swift; sourceTree = "<group>"; };
		BDE44C531E3D559500222936 /* TimeKeeper.swift */ = {isa = PBXFileReference; fileEncoding = 4; lastKnownFileType = sourcecode.swift; path = TimeKeeper.swift; sourceTree = "<group>"; };
		BDE44C551E3D726200222936 /* ResultsController.swift */ = {isa = PBXFileReference; fileEncoding = 4; lastKnownFileType = sourcecode.swift; path = ResultsController.swift; sourceTree = "<group>"; };
		BDE44C571E3D765700222936 /* ResultCell.swift */ = {isa = PBXFileReference; fileEncoding = 4; lastKnownFileType = sourcecode.swift; path = ResultCell.swift; sourceTree = "<group>"; };
/* End PBXFileReference section */

/* Begin PBXFrameworksBuildPhase section */
		BD43AAD21E4E3E590000C39D /* Frameworks */ = {
			isa = PBXFrameworksBuildPhase;
			buildActionMask = 2147483647;
			files = (
			);
			runOnlyForDeploymentPostprocessing = 0;
		};
		BDE44C2F1E3BD82100222936 /* Frameworks */ = {
			isa = PBXFrameworksBuildPhase;
			buildActionMask = 2147483647;
			files = (
			);
			runOnlyForDeploymentPostprocessing = 0;
		};
/* End PBXFrameworksBuildPhase section */

/* Begin PBXGroup section */
		BD43AAD61E4E3E590000C39D /* SplitDecisionTests */ = {
			isa = PBXGroup;
			children = (
				BD43AAD71E4E3E590000C39D /* SplitDecisionTests.swift */,
				BD43AAD91E4E3E590000C39D /* Info.plist */,
			);
			path = SplitDecisionTests;
			sourceTree = "<group>";
		};
		BDE44C291E3BD82100222936 = {
			isa = PBXGroup;
			children = (
				BDE44C341E3BD82100222936 /* PriorityBattle */,
				BD43AAD61E4E3E590000C39D /* SplitDecisionTests */,
				BDE44C331E3BD82100222936 /* Products */,
			);
			sourceTree = "<group>";
		};
		BDE44C331E3BD82100222936 /* Products */ = {
			isa = PBXGroup;
			children = (
				BDE44C321E3BD82100222936 /* SplitDecision.app */,
				BD43AAD51E4E3E590000C39D /* SplitDecisionTests.xctest */,
			);
			name = Products;
			sourceTree = "<group>";
		};
		BDE44C341E3BD82100222936 /* PriorityBattle */ = {
			isa = PBXGroup;
			children = (
				BDE44C531E3D559500222936 /* TimeKeeper.swift */,
				BDE44C511E3D52D400222936 /* BattleBoard.swift */,
				BDE44C4F1E3D262700222936 /* BattleController.swift */,
				BDE44C351E3BD82100222936 /* AppDelegate.swift */,
				BDE44C371E3BD82100222936 /* AddItemController.swift */,
				BDE44C4B1E3C5F6900222936 /* ItemTableCell.swift */,
				BDE44C471E3BD86800222936 /* Item.swift */,
				BDE44C491E3C5B5500222936 /* AddItemView.swift */,
				BDE44C391E3BD82100222936 /* Main.storyboard */,
				BDE44C571E3D765700222936 /* ResultCell.swift */,
				BDE44C551E3D726200222936 /* ResultsController.swift */,
				BDE44C3C1E3BD82100222936 /* Assets.xcassets */,
				BDE44C3E1E3BD82100222936 /* LaunchScreen.storyboard */,
				BDE44C411E3BD82100222936 /* Info.plist */,
				BD5A13471E43B28D00665E7F /* low_beep.wav */,
				BD5A13481E43B28D00665E7F /* high_beep.wav */,
			);
			path = PriorityBattle;
			sourceTree = "<group>";
		};
/* End PBXGroup section */

/* Begin PBXNativeTarget section */
		BD43AAD41E4E3E590000C39D /* SplitDecisionTests */ = {
			isa = PBXNativeTarget;
			buildConfigurationList = BD43AADE1E4E3E590000C39D /* Build configuration list for PBXNativeTarget "SplitDecisionTests" */;
			buildPhases = (
				BD43AAD11E4E3E590000C39D /* Sources */,
				BD43AAD21E4E3E590000C39D /* Frameworks */,
				BD43AAD31E4E3E590000C39D /* Resources */,
			);
			buildRules = (
			);
			dependencies = (
				BD43AADB1E4E3E590000C39D /* PBXTargetDependency */,
			);
			name = SplitDecisionTests;
			productName = SplitDecisionTests;
			productReference = BD43AAD51E4E3E590000C39D /* SplitDecisionTests.xctest */;
			productType = "com.apple.product-type.bundle.unit-test";
		};
		BDE44C311E3BD82100222936 /* SplitDecision */ = {
			isa = PBXNativeTarget;
			buildConfigurationList = BDE44C441E3BD82100222936 /* Build configuration list for PBXNativeTarget "SplitDecision" */;
			buildPhases = (
				BDE44C2E1E3BD82100222936 /* Sources */,
				BDE44C2F1E3BD82100222936 /* Frameworks */,
				BDE44C301E3BD82100222936 /* Resources */,
			);
			buildRules = (
			);
			dependencies = (
			);
			name = SplitDecision;
			productName = PriorityBattle;
			productReference = BDE44C321E3BD82100222936 /* SplitDecision.app */;
			productType = "com.apple.product-type.application";
		};
/* End PBXNativeTarget section */

/* Begin PBXProject section */
		BDE44C2A1E3BD82100222936 /* Project object */ = {
			isa = PBXProject;
			attributes = {
				LastSwiftUpdateCheck = 0820;
				LastUpgradeCheck = 0820;
				ORGANIZATIONNAME = MakeSchool;
				TargetAttributes = {
					BD43AAD41E4E3E590000C39D = {
						CreatedOnToolsVersion = 8.2.1;
						DevelopmentTeam = PU7KSX8Z6J;
						ProvisioningStyle = Automatic;
						TestTargetID = BDE44C311E3BD82100222936;
					};
					BDE44C311E3BD82100222936 = {
						CreatedOnToolsVersion = 8.2.1;
						DevelopmentTeam = PU7KSX8Z6J;
						ProvisioningStyle = Automatic;
					};
				};
			};
			buildConfigurationList = BDE44C2D1E3BD82100222936 /* Build configuration list for PBXProject "SplitDecision" */;
			compatibilityVersion = "Xcode 3.2";
			developmentRegion = English;
			hasScannedForEncodings = 0;
			knownRegions = (
				en,
				Base,
			);
			mainGroup = BDE44C291E3BD82100222936;
			productRefGroup = BDE44C331E3BD82100222936 /* Products */;
			projectDirPath = "";
			projectRoot = "";
			targets = (
				BDE44C311E3BD82100222936 /* SplitDecision */,
				BD43AAD41E4E3E590000C39D /* SplitDecisionTests */,
			);
		};
/* End PBXProject section */

/* Begin PBXResourcesBuildPhase section */
		BD43AAD31E4E3E590000C39D /* Resources */ = {
			isa = PBXResourcesBuildPhase;
			buildActionMask = 2147483647;
			files = (
			);
			runOnlyForDeploymentPostprocessing = 0;
		};
		BDE44C301E3BD82100222936 /* Resources */ = {
			isa = PBXResourcesBuildPhase;
			buildActionMask = 2147483647;
			files = (
				BDE44C401E3BD82100222936 /* LaunchScreen.storyboard in Resources */,
				BD5A13491E43B28D00665E7F /* low_beep.wav in Resources */,
				BDE44C3D1E3BD82100222936 /* Assets.xcassets in Resources */,
				BDE44C3B1E3BD82100222936 /* Main.storyboard in Resources */,
				BD5A134A1E43B28D00665E7F /* high_beep.wav in Resources */,
			);
			runOnlyForDeploymentPostprocessing = 0;
		};
/* End PBXResourcesBuildPhase section */

/* Begin PBXSourcesBuildPhase section */
		BD43AAD11E4E3E590000C39D /* Sources */ = {
			isa = PBXSourcesBuildPhase;
			buildActionMask = 2147483647;
			files = (
				BD43AAD81E4E3E590000C39D /* SplitDecisionTests.swift in Sources */,
			);
			runOnlyForDeploymentPostprocessing = 0;
		};
		BDE44C2E1E3BD82100222936 /* Sources */ = {
			isa = PBXSourcesBuildPhase;
			buildActionMask = 2147483647;
			files = (
				BDE44C381E3BD82100222936 /* AddItemController.swift in Sources */,
				BDE44C521E3D52D400222936 /* BattleBoard.swift in Sources */,
				BDE44C481E3BD86800222936 /* Item.swift in Sources */,
				BDE44C361E3BD82100222936 /* AppDelegate.swift in Sources */,
				BDE44C4A1E3C5B5500222936 /* AddItemView.swift in Sources */,
				BDE44C4C1E3C5F6900222936 /* ItemTableCell.swift in Sources */,
				BDE44C541E3D559500222936 /* TimeKeeper.swift in Sources */,
				BDE44C501E3D262700222936 /* BattleController.swift in Sources */,
				BDE44C581E3D765700222936 /* ResultCell.swift in Sources */,
				BDE44C561E3D726200222936 /* ResultsController.swift in Sources */,
			);
			runOnlyForDeploymentPostprocessing = 0;
		};
/* End PBXSourcesBuildPhase section */

/* Begin PBXTargetDependency section */
		BD43AADB1E4E3E590000C39D /* PBXTargetDependency */ = {
			isa = PBXTargetDependency;
			target = BDE44C311E3BD82100222936 /* SplitDecision */;
			targetProxy = BD43AADA1E4E3E590000C39D /* PBXContainerItemProxy */;
		};
/* End PBXTargetDependency section */

/* Begin PBXVariantGroup section */
		BDE44C391E3BD82100222936 /* Main.storyboard */ = {
			isa = PBXVariantGroup;
			children = (
				BDE44C3A1E3BD82100222936 /* Base */,
			);
			name = Main.storyboard;
			sourceTree = "<group>";
		};
		BDE44C3E1E3BD82100222936 /* LaunchScreen.storyboard */ = {
			isa = PBXVariantGroup;
			children = (
				BDE44C3F1E3BD82100222936 /* Base */,
			);
			name = LaunchScreen.storyboard;
			sourceTree = "<group>";
		};
/* End PBXVariantGroup section */

/* Begin XCBuildConfiguration section */
		BD43AADC1E4E3E590000C39D /* Debug */ = {
			isa = XCBuildConfiguration;
			buildSettings = {
				BUNDLE_LOADER = "$(TEST_HOST)";
				DEVELOPMENT_TEAM = PU7KSX8Z6J;
				INFOPLIST_FILE = SplitDecisionTests/Info.plist;
				LD_RUNPATH_SEARCH_PATHS = "$(inherited) @executable_path/Frameworks @loader_path/Frameworks";
				PRODUCT_BUNDLE_IDENTIFIER = com.Makeschool.SplitDecisionTests;
				PRODUCT_NAME = "$(TARGET_NAME)";
				SWIFT_VERSION = 3.0;
				TEST_HOST = "$(BUILT_PRODUCTS_DIR)/SplitDecision.app/SplitDecision";
			};
			name = Debug;
		};
		BD43AADD1E4E3E590000C39D /* Release */ = {
			isa = XCBuildConfiguration;
			buildSettings = {
				BUNDLE_LOADER = "$(TEST_HOST)";
				DEVELOPMENT_TEAM = PU7KSX8Z6J;
				INFOPLIST_FILE = SplitDecisionTests/Info.plist;
				LD_RUNPATH_SEARCH_PATHS = "$(inherited) @executable_path/Frameworks @loader_path/Frameworks";
				PRODUCT_BUNDLE_IDENTIFIER = com.Makeschool.SplitDecisionTests;
				PRODUCT_NAME = "$(TARGET_NAME)";
				SWIFT_VERSION = 3.0;
				TEST_HOST = "$(BUILT_PRODUCTS_DIR)/SplitDecision.app/SplitDecision";
			};
			name = Release;
		};
		BDE44C421E3BD82100222936 /* Debug */ = {
			isa = XCBuildConfiguration;
			buildSettings = {
				ALWAYS_SEARCH_USER_PATHS = NO;
				CLANG_ANALYZER_NONNULL = YES;
				CLANG_CXX_LANGUAGE_STANDARD = "gnu++0x";
				CLANG_CXX_LIBRARY = "libc++";
				CLANG_ENABLE_MODULES = YES;
				CLANG_ENABLE_OBJC_ARC = YES;
				CLANG_WARN_BOOL_CONVERSION = YES;
				CLANG_WARN_CONSTANT_CONVERSION = YES;
				CLANG_WARN_DIRECT_OBJC_ISA_USAGE = YES_ERROR;
				CLANG_WARN_DOCUMENTATION_COMMENTS = YES;
				CLANG_WARN_EMPTY_BODY = YES;
				CLANG_WARN_ENUM_CONVERSION = YES;
				CLANG_WARN_INFINITE_RECURSION = YES;
				CLANG_WARN_INT_CONVERSION = YES;
				CLANG_WARN_OBJC_ROOT_CLASS = YES_ERROR;
				CLANG_WARN_SUSPICIOUS_MOVE = YES;
				CLANG_WARN_UNREACHABLE_CODE = YES;
				CLANG_WARN__DUPLICATE_METHOD_MATCH = YES;
				"CODE_SIGN_IDENTITY[sdk=iphoneos*]" = "iPhone Developer";
				COPY_PHASE_STRIP = NO;
				DEBUG_INFORMATION_FORMAT = dwarf;
				ENABLE_STRICT_OBJC_MSGSEND = YES;
				ENABLE_TESTABILITY = YES;
				GCC_C_LANGUAGE_STANDARD = gnu99;
				GCC_DYNAMIC_NO_PIC = NO;
				GCC_NO_COMMON_BLOCKS = YES;
				GCC_OPTIMIZATION_LEVEL = 0;
				GCC_PREPROCESSOR_DEFINITIONS = (
					"DEBUG=1",
					"$(inherited)",
				);
				GCC_WARN_64_TO_32_BIT_CONVERSION = YES;
				GCC_WARN_ABOUT_RETURN_TYPE = YES_ERROR;
				GCC_WARN_UNDECLARED_SELECTOR = YES;
				GCC_WARN_UNINITIALIZED_AUTOS = YES_AGGRESSIVE;
				GCC_WARN_UNUSED_FUNCTION = YES;
				GCC_WARN_UNUSED_VARIABLE = YES;
				IPHONEOS_DEPLOYMENT_TARGET = 10.2;
				MTL_ENABLE_DEBUG_INFO = YES;
				ONLY_ACTIVE_ARCH = YES;
				SDKROOT = iphoneos;
				SWIFT_ACTIVE_COMPILATION_CONDITIONS = DEBUG;
				SWIFT_OPTIMIZATION_LEVEL = "-Onone";
			};
			name = Debug;
		};
		BDE44C431E3BD82100222936 /* Release */ = {
			isa = XCBuildConfiguration;
			buildSettings = {
				ALWAYS_SEARCH_USER_PATHS = NO;
				CLANG_ANALYZER_NONNULL = YES;
				CLANG_CXX_LANGUAGE_STANDARD = "gnu++0x";
				CLANG_CXX_LIBRARY = "libc++";
				CLANG_ENABLE_MODULES = YES;
				CLANG_ENABLE_OBJC_ARC = YES;
				CLANG_WARN_BOOL_CONVERSION = YES;
				CLANG_WARN_CONSTANT_CONVERSION = YES;
				CLANG_WARN_DIRECT_OBJC_ISA_USAGE = YES_ERROR;
				CLANG_WARN_DOCUMENTATION_COMMENTS = YES;
				CLANG_WARN_EMPTY_BODY = YES;
				CLANG_WARN_ENUM_CONVERSION = YES;
				CLANG_WARN_INFINITE_RECURSION = YES;
				CLANG_WARN_INT_CONVERSION = YES;
				CLANG_WARN_OBJC_ROOT_CLASS = YES_ERROR;
				CLANG_WARN_SUSPICIOUS_MOVE = YES;
				CLANG_WARN_UNREACHABLE_CODE = YES;
				CLANG_WARN__DUPLICATE_METHOD_MATCH = YES;
				"CODE_SIGN_IDENTITY[sdk=iphoneos*]" = "iPhone Developer";
				COPY_PHASE_STRIP = NO;
				DEBUG_INFORMATION_FORMAT = "dwarf-with-dsym";
				ENABLE_NS_ASSERTIONS = NO;
				ENABLE_STRICT_OBJC_MSGSEND = YES;
				GCC_C_LANGUAGE_STANDARD = gnu99;
				GCC_NO_COMMON_BLOCKS = YES;
				GCC_WARN_64_TO_32_BIT_CONVERSION = YES;
				GCC_WARN_ABOUT_RETURN_TYPE = YES_ERROR;
				GCC_WARN_UNDECLARED_SELECTOR = YES;
				GCC_WARN_UNINITIALIZED_AUTOS = YES_AGGRESSIVE;
				GCC_WARN_UNUSED_FUNCTION = YES;
				GCC_WARN_UNUSED_VARIABLE = YES;
				IPHONEOS_DEPLOYMENT_TARGET = 10.2;
				MTL_ENABLE_DEBUG_INFO = NO;
				SDKROOT = iphoneos;
				SWIFT_OPTIMIZATION_LEVEL = "-Owholemodule";
				VALIDATE_PRODUCT = YES;
			};
			name = Release;
		};
		BDE44C451E3BD82100222936 /* Debug */ = {
			isa = XCBuildConfiguration;
			buildSettings = {
				ASSETCATALOG_COMPILER_APPICON_NAME = AppIcon;
				DEVELOPMENT_TEAM = PU7KSX8Z6J;
				INFOPLIST_FILE = PriorityBattle/Info.plist;
				IPHONEOS_DEPLOYMENT_TARGET = 10.2;
				LD_RUNPATH_SEARCH_PATHS = "$(inherited) @executable_path/Frameworks";
				PRODUCT_BUNDLE_IDENTIFIER = com.Makeschool.SplitDecision;
				PRODUCT_NAME = "$(TARGET_NAME)";
				SWIFT_VERSION = 3.0;
				TARGETED_DEVICE_FAMILY = "1,2";
			};
			name = Debug;
		};
		BDE44C461E3BD82100222936 /* Release */ = {
			isa = XCBuildConfiguration;
			buildSettings = {
				ASSETCATALOG_COMPILER_APPICON_NAME = AppIcon;
				DEVELOPMENT_TEAM = PU7KSX8Z6J;
				INFOPLIST_FILE = PriorityBattle/Info.plist;
				IPHONEOS_DEPLOYMENT_TARGET = 10.2;
				LD_RUNPATH_SEARCH_PATHS = "$(inherited) @executable_path/Frameworks";
				PRODUCT_BUNDLE_IDENTIFIER = com.Makeschool.SplitDecision;
				PRODUCT_NAME = "$(TARGET_NAME)";
				SWIFT_VERSION = 3.0;
				TARGETED_DEVICE_FAMILY = "1,2";
			};
			name = Release;
		};
/* End XCBuildConfiguration section */

/* Begin XCConfigurationList section */
		BD43AADE1E4E3E590000C39D /* Build configuration list for PBXNativeTarget "SplitDecisionTests" */ = {
			isa = XCConfigurationList;
			buildConfigurations = (
				BD43AADC1E4E3E590000C39D /* Debug */,
				BD43AADD1E4E3E590000C39D /* Release */,
			);
			defaultConfigurationIsVisible = 0;
		};
		BDE44C2D1E3BD82100222936 /* Build configuration list for PBXProject "SplitDecision" */ = {
			isa = XCConfigurationList;
			buildConfigurations = (
				BDE44C421E3BD82100222936 /* Debug */,
				BDE44C431E3BD82100222936 /* Release */,
			);
			defaultConfigurationIsVisible = 0;
			defaultConfigurationName = Release;
		};
		BDE44C441E3BD82100222936 /* Build configuration list for PBXNativeTarget "SplitDecision" */ = {
			isa = XCConfigurationList;
			buildConfigurations = (
				BDE44C451E3BD82100222936 /* Debug */,
				BDE44C461E3BD82100222936 /* Release */,
			);
			defaultConfigurationIsVisible = 0;
			defaultConfigurationName = Release;
		};
/* End XCConfigurationList section */
	};
	rootObject = BDE44C2A1E3BD82100222936 /* Project object */;
}
