// !$*UTF8*$!
{
	archiveVersion = 1;
	classes = {
	};
	objectVersion = 46;
	objects = {

/* Begin PBXBuildFile section */
		BDE44C361E3BD82100222936 /* AppDelegate.swift in Sources */ = {isa = PBXBuildFile; fileRef = BDE44C351E3BD82100222936 /* AppDelegate.swift */; };
		BDE44C381E3BD82100222936 /* ViewController.swift in Sources */ = {isa = PBXBuildFile; fileRef = BDE44C371E3BD82100222936 /* ViewController.swift */; };
		BDE44C3B1E3BD82100222936 /* Main.storyboard in Resources */ = {isa = PBXBuildFile; fileRef = BDE44C391E3BD82100222936 /* Main.storyboard */; };
		BDE44C3D1E3BD82100222936 /* Assets.xcassets in Resources */ = {isa = PBXBuildFile; fileRef = BDE44C3C1E3BD82100222936 /* Assets.xcassets */; };
		BDE44C401E3BD82100222936 /* LaunchScreen.storyboard in Resources */ = {isa = PBXBuildFile; fileRef = BDE44C3E1E3BD82100222936 /* LaunchScreen.storyboard */; };
/* End PBXBuildFile section */

/* Begin PBXFileReference section */
		BDE44C321E3BD82100222936 /* PriorityBattle.app */ = {isa = PBXFileReference; explicitFileType = wrapper.application; includeInIndex = 0; path = PriorityBattle.app; sourceTree = BUILT_PRODUCTS_DIR; };
		BDE44C351E3BD82100222936 /* AppDelegate.swift */ = {isa = PBXFileReference; lastKnownFileType = sourcecode.swift; path = AppDelegate.swift; sourceTree = "<group>"; };
		BDE44C371E3BD82100222936 /* ViewController.swift */ = {isa = PBXFileReference; lastKnownFileType = sourcecode.swift; path = ViewController.swift; sourceTree = "<group>"; };
		BDE44C3A1E3BD82100222936 /* Base */ = {isa = PBXFileReference; lastKnownFileType = file.storyboard; name = Base; path = Base.lproj/Main.storyboard; sourceTree = "<group>"; };
		BDE44C3C1E3BD82100222936 /* Assets.xcassets */ = {isa = PBXFileReference; lastKnownFileType = folder.assetcatalog; path = Assets.xcassets; sourceTree = "<group>"; };
		BDE44C3F1E3BD82100222936 /* Base */ = {isa = PBXFileReference; lastKnownFileType = file.storyboard; name = Base; path = Base.lproj/LaunchScreen.storyboard; sourceTree = "<group>"; };
		BDE44C411E3BD82100222936 /* Info.plist */ = {isa = PBXFileReference; lastKnownFileType = text.plist.xml; path = Info.plist; sourceTree = "<group>"; };
/* End PBXFileReference section */

/* Begin PBXFrameworksBuildPhase section */
		BDE44C2F1E3BD82100222936 /* Frameworks */ = {
			isa = PBXFrameworksBuildPhase;
			buildActionMask = 2147483647;
			files = (
			);
			runOnlyForDeploymentPostprocessing = 0;
		};
/* End PBXFrameworksBuildPhase section */

/* Begin PBXGroup section */
		BDE44C291E3BD82100222936 = {
			isa = PBXGroup;
			children = (
				BDE44C341E3BD82100222936 /* PriorityBattle */,
				BDE44C331E3BD82100222936 /* Products */,
			);
			sourceTree = "<group>";
		};
		BDE44C331E3BD82100222936 /* Products */ = {
			isa = PBXGroup;
			children = (
				BDE44C321E3BD82100222936 /* PriorityBattle.app */,
			);
			name = Products;
			sourceTree = "<group>";
		};
		BDE44C341E3BD82100222936 /* PriorityBattle */ = {
			isa = PBXGroup;
			children = (
				BDE44C351E3BD82100222936 /* AppDelegate.swift */,
				BDE44C371E3BD82100222936 /* ViewController.swift */,
				BDE44C391E3BD82100222936 /* Main.storyboard */,
				BDE44C3C1E3BD82100222936 /* Assets.xcassets */,
				BDE44C3E1E3BD82100222936 /* LaunchScreen.storyboard */,
				BDE44C411E3BD82100222936 /* Info.plist */,
			);
			path = PriorityBattle;
			sourceTree = "<group>";
		};
/* End PBXGroup section */

/* Begin PBXNativeTarget section */
		BDE44C311E3BD82100222936 /* PriorityBattle */ = {
			isa = PBXNativeTarget;
			buildConfigurationList = BDE44C441E3BD82100222936 /* Build configuration list for PBXNativeTarget "PriorityBattle" */;
			buildPhases = (
				BDE44C2E1E3BD82100222936 /* Sources */,
				BDE44C2F1E3BD82100222936 /* Frameworks */,
				BDE44C301E3BD82100222936 /* Resources */,
			);
			buildRules = (
			);
			dependencies = (
			);
			name = PriorityBattle;
			productName = PriorityBattle;
			productReference = BDE44C321E3BD82100222936 /* PriorityBattle.app */;
			productType = "com.apple.product-type.application";
		};
/* End PBXNativeTarget section */

/* Begin PBXProject section */
		BDE44C2A1E3BD82100222936 /* Project object */ = {
			isa = PBXProject;
			attributes = {
				LastSwiftUpdateCheck = 0820;
				LastUpgradeCheck = 0820;
				ORGANIZATIONNAME = MakeSchool;
				TargetAttributes = {
					BDE44C311E3BD82100222936 = {
						CreatedOnToolsVersion = 8.2.1;
						DevelopmentTeam = PU7KSX8Z6J;
						ProvisioningStyle = Automatic;
					};
				};
			};
			buildConfigurationList = BDE44C2D1E3BD82100222936 /* Build configuration list for PBXProject "PriorityBattle" */;
			compatibilityVersion = "Xcode 3.2";
			developmentRegion = English;
			hasScannedForEncodings = 0;
			knownRegions = (
				en,
				Base,
			);
			mainGroup = BDE44C291E3BD82100222936;
			productRefGroup = BDE44C331E3BD82100222936 /* Products */;
			projectDirPath = "";
			projectRoot = "";
			targets = (
				BDE44C311E3BD82100222936 /* PriorityBattle */,
			);
		};
/* End PBXProject section */

/* Begin PBXResourcesBuildPhase section */
		BDE44C301E3BD82100222936 /* Resources */ = {
			isa = PBXResourcesBuildPhase;
			buildActionMask = 2147483647;
			files = (
				BDE44C401E3BD82100222936 /* LaunchScreen.storyboard in Resources */,
				BDE44C3D1E3BD82100222936 /* Assets.xcassets in Resources */,
				BDE44C3B1E3BD82100222936 /* Main.storyboard in Resources */,
			);
			runOnlyForDeploymentPostprocessing = 0;
		};
/* End PBXResourcesBuildPhase section */

/* Begin PBXSourcesBuildPhase section */
		BDE44C2E1E3BD82100222936 /* Sources */ = {
			isa = PBXSourcesBuildPhase;
			buildActionMask = 2147483647;
			files = (
				BDE44C381E3BD82100222936 /* ViewController.swift in Sources */,
				BDE44C361E3BD82100222936 /* AppDelegate.swift in Sources */,
			);
			runOnlyForDeploymentPostprocessing = 0;
		};
/* End PBXSourcesBuildPhase section */

/* Begin PBXVariantGroup section */
		BDE44C391E3BD82100222936 /* Main.storyboard */ = {
			isa = PBXVariantGroup;
			children = (
				BDE44C3A1E3BD82100222936 /* Base */,
			);
			name = Main.storyboard;
			sourceTree = "<group>";
		};
		BDE44C3E1E3BD82100222936 /* LaunchScreen.storyboard */ = {
			isa = PBXVariantGroup;
			children = (
				BDE44C3F1E3BD82100222936 /* Base */,
			);
			name = LaunchScreen.storyboard;
			sourceTree = "<group>";
		};
/* End PBXVariantGroup section */

/* Begin XCBuildConfiguration section */
		BDE44C421E3BD82100222936 /* Debug */ = {
			isa = XCBuildConfiguration;
			buildSettings = {
				ALWAYS_SEARCH_USER_PATHS = NO;
				CLANG_ANALYZER_NONNULL = YES;
				CLANG_CXX_LANGUAGE_STANDARD = "gnu++0x";
				CLANG_CXX_LIBRARY = "libc++";
				CLANG_ENABLE_MODULES = YES;
				CLANG_ENABLE_OBJC_ARC = YES;
				CLANG_WARN_BOOL_CONVERSION = YES;
				CLANG_WARN_CONSTANT_CONVERSION = YES;
				CLANG_WARN_DIRECT_OBJC_ISA_USAGE = YES_ERROR;
				CLANG_WARN_DOCUMENTATION_COMMENTS = YES;
				CLANG_WARN_EMPTY_BODY = YES;
				CLANG_WARN_ENUM_CONVERSION = YES;
				CLANG_WARN_INFINITE_RECURSION = YES;
				CLANG_WARN_INT_CONVERSION = YES;
				CLANG_WARN_OBJC_ROOT_CLASS = YES_ERROR;
				CLANG_WARN_SUSPICIOUS_MOVE = YES;
				CLANG_WARN_UNREACHABLE_CODE = YES;
				CLANG_WARN__DUPLICATE_METHOD_MATCH = YES;
				"CODE_SIGN_IDENTITY[sdk=iphoneos*]" = "iPhone Developer";
				COPY_PHASE_STRIP = NO;
				DEBUG_INFORMATION_FORMAT = dwarf;
				ENABLE_STRICT_OBJC_MSGSEND = YES;
				ENABLE_TESTABILITY = YES;
				GCC_C_LANGUAGE_STANDARD = gnu99;
				GCC_DYNAMIC_NO_PIC = NO;
				GCC_NO_COMMON_BLOCKS = YES;
				GCC_OPTIMIZATION_LEVEL = 0;
				GCC_PREPROCESSOR_DEFINITIONS = (
					"DEBUG=1",
					"$(inherited)",
				);
				GCC_WARN_64_TO_32_BIT_CONVERSION = YES;
				GCC_WARN_ABOUT_RETURN_TYPE = YES_ERROR;
				GCC_WARN_UNDECLARED_SELECTOR = YES;
				GCC_WARN_UNINITIALIZED_AUTOS = YES_AGGRESSIVE;
				GCC_WARN_UNUSED_FUNCTION = YES;
				GCC_WARN_UNUSED_VARIABLE = YES;
				IPHONEOS_DEPLOYMENT_TARGET = 10.2;
				MTL_ENABLE_DEBUG_INFO = YES;
				ONLY_ACTIVE_ARCH = YES;
				SDKROOT = iphoneos;
				SWIFT_ACTIVE_COMPILATION_CONDITIONS = DEBUG;
				SWIFT_OPTIMIZATION_LEVEL = "-Onone";
			};
			name = Debug;
		};
		BDE44C431E3BD82100222936 /* Release */ = {
			isa = XCBuildConfiguration;
			buildSettings = {
				ALWAYS_SEARCH_USER_PATHS = NO;
				CLANG_ANALYZER_NONNULL = YES;
				CLANG_CXX_LANGUAGE_STANDARD = "gnu++0x";
				CLANG_CXX_LIBRARY = "libc++";
				CLANG_ENABLE_MODULES = YES;
				CLANG_ENABLE_OBJC_ARC = YES;
				CLANG_WARN_BOOL_CONVERSION = YES;
				CLANG_WARN_CONSTANT_CONVERSION = YES;
				CLANG_WARN_DIRECT_OBJC_ISA_USAGE = YES_ERROR;
				CLANG_WARN_DOCUMENTATION_COMMENTS = YES;
				CLANG_WARN_EMPTY_BODY = YES;
				CLANG_WARN_ENUM_CONVERSION = YES;
				CLANG_WARN_INFINITE_RECURSION = YES;
				CLANG_WARN_INT_CONVERSION = YES;
				CLANG_WARN_OBJC_ROOT_CLASS = YES_ERROR;
				CLANG_WARN_SUSPICIOUS_MOVE = YES;
				CLANG_WARN_UNREACHABLE_CODE = YES;
				CLANG_WARN__DUPLICATE_METHOD_MATCH = YES;
				"CODE_SIGN_IDENTITY[sdk=iphoneos*]" = "iPhone Developer";
				COPY_PHASE_STRIP = NO;
				DEBUG_INFORMATION_FORMAT = "dwarf-with-dsym";
				ENABLE_NS_ASSERTIONS = NO;
				ENABLE_STRICT_OBJC_MSGSEND = YES;
				GCC_C_LANGUAGE_STANDARD = gnu99;
				GCC_NO_COMMON_BLOCKS = YES;
				GCC_WARN_64_TO_32_BIT_CONVERSION = YES;
				GCC_WARN_ABOUT_RETURN_TYPE = YES_ERROR;
				GCC_WARN_UNDECLARED_SELECTOR = YES;
				GCC_WARN_UNINITIALIZED_AUTOS = YES_AGGRESSIVE;
				GCC_WARN_UNUSED_FUNCTION = YES;
				GCC_WARN_UNUSED_VARIABLE = YES;
				IPHONEOS_DEPLOYMENT_TARGET = 10.2;
				MTL_ENABLE_DEBUG_INFO = NO;
				SDKROOT = iphoneos;
				SWIFT_OPTIMIZATION_LEVEL = "-Owholemodule";
				VALIDATE_PRODUCT = YES;
			};
			name = Release;
		};
		BDE44C451E3BD82100222936 /* Debug */ = {
			isa = XCBuildConfiguration;
			buildSettings = {
				ASSETCATALOG_COMPILER_APPICON_NAME = AppIcon;
				DEVELOPMENT_TEAM = PU7KSX8Z6J;
				INFOPLIST_FILE = PriorityBattle/Info.plist;
				LD_RUNPATH_SEARCH_PATHS = "$(inherited) @executable_path/Frameworks";
				PRODUCT_BUNDLE_IDENTIFIER = com.Makeschool.PriorityBattle;
				PRODUCT_NAME = "$(TARGET_NAME)";
				SWIFT_VERSION = 3.0;
			};
			name = Debug;
		};
		BDE44C461E3BD82100222936 /* Release */ = {
			isa = XCBuildConfiguration;
			buildSettings = {
				ASSETCATALOG_COMPILER_APPICON_NAME = AppIcon;
				DEVELOPMENT_TEAM = PU7KSX8Z6J;
				INFOPLIST_FILE = PriorityBattle/Info.plist;
				LD_RUNPATH_SEARCH_PATHS = "$(inherited) @executable_path/Frameworks";
				PRODUCT_BUNDLE_IDENTIFIER = com.Makeschool.PriorityBattle;
				PRODUCT_NAME = "$(TARGET_NAME)";
				SWIFT_VERSION = 3.0;
			};
			name = Release;
		};
/* End XCBuildConfiguration section */

/* Begin XCConfigurationList section */
		BDE44C2D1E3BD82100222936 /* Build configuration list for PBXProject "PriorityBattle" */ = {
			isa = XCConfigurationList;
			buildConfigurations = (
				BDE44C421E3BD82100222936 /* Debug */,
				BDE44C431E3BD82100222936 /* Release */,
			);
			defaultConfigurationIsVisible = 0;
			defaultConfigurationName = Release;
		};
		BDE44C441E3BD82100222936 /* Build configuration list for PBXNativeTarget "PriorityBattle" */ = {
			isa = XCConfigurationList;
			buildConfigurations = (
				BDE44C451E3BD82100222936 /* Debug */,
				BDE44C461E3BD82100222936 /* Release */,
			);
			defaultConfigurationIsVisible = 0;
		};
/* End XCConfigurationList section */
	};
	rootObject = BDE44C2A1E3BD82100222936 /* Project object */;
}
